{"1.1.0",
[{<<"csv_parser">>,
  {git,"git://github.com/jiarenjie/csv_parser",
       {ref,"4b8ce2a20ace1faf632c2fd8b8798058c23d4a39"}},
  2},
 {<<"datetime_x_fin">>,
  {git,"https://github.com/simonxu72/datetime_x_fin",
       {ref,"40b2d5096a84839fc94cacc4cd372308f61f0c0f"}},
  0},
 {<<"goldrush">>,{pkg,<<"goldrush">>,<<"0.1.9">>},1},
 {<<"lager">>,{pkg,<<"lager">>,<<"3.4.2">>},0},
 {<<"mixer">>,{pkg,<<"inaka_mixer">>,<<"1.0.0">>},0},
 {<<"parse_trans">>,{pkg,<<"parse_trans">>,<<"3.1.0">>},0},
 {<<"pg_convert">>,
  {git,"https://github.com/simonxu72/pg_convert",
       {ref,"acc37831119cf602d1345843d8b2f95098acd9cf"}},
  1},
 {<<"pg_mcht_enc">>,
  {git,"https://github.com/simonxu72/pg_mcht_enc",
       {ref,"17147a8f322f1467449865ed2449144a77e6bf1d"}},
  0},
 {<<"pg_mcht_protocol">>,
  {git,"https://github.com/simonxu72/pg_mcht_protocol",
       {ref,"4d94995f1d623e8d46daec8b29c4029aeb0e1ad3"}},
  0},
 {<<"pg_mnesia_utils">>,
  {git,"https://github.com/jiarenjie/pg_mnesia_utils",
       {ref,"479ed791e5b0b5e005af50135cfcc1d79ca2b673"}},
  1},
 {<<"pg_model">>,
  {git,"https://github.com/simonxu72/pg_model",
       {ref,"2fba76b3c822dd188c3949f685b644525b42a45b"}},
  0},
 {<<"pg_protocol">>,
  {git,"https://github.com/simonxu72/pg_protocol",
       {ref,"19ed56f0580bd2091dfb5edf019fb32a704553d1"}},
  0},
 {<<"pg_quota">>,
  {git,"https://github.com/simonxu72/pg_quota",
       {ref,"629502e0d65b0767c63c8fa51aef28a371f98174"}},
  1},
 {<<"pg_repo">>,
  {git,"https://github.com/simonxu72/pg_repo",
       {ref,"6e843ee7d672b6ecd7ae603f889408f919ee1a86"}},
  0},
 {<<"pg_test_utils">>,
  {git,"https://github.com/simonxu72/pg_test_utils",
       {ref,"40e9adbdab3d0ffbd859374352ee05b61a07b5e8"}},
  0},
 {<<"up_config">>,
  {git,"https://github.com/simonxu72/up_config",
       {ref,"5360ffd04f0903f380592dd2d4aa724fa3972834"}},
  0},
 {<<"xfutils">>,
  {git,"https://github.com/simonxu72/erlang-xfutils",
       {ref,"87a8472a1cbcd699cd98945bccceaeffa16a50a6"}},
  0}]}.
[
{pkg_hash,[
 {<<"goldrush">>, <<"F06E5D5F1277DA5C413E84D5A2924174182FB108DABB39D5EC548B27424CD106">>},
 {<<"lager">>, <<"150B9A17B23AE6D3265CC10DC360747621CF217B7A22B8CDDF03B2909DBF7AA5">>},
 {<<"mixer">>, <<"B991687E1D7750CAB5906800F9F451E96594F77F8F0FFA304602DF92E7A58607">>},
 {<<"parse_trans">>, <<"1BAD3B959941CC53FFD6F4769A5D2666F9CDF179B2D62826636497D3FBAD9EC0">>}]}
].
